
Microsoft Visual Studio Solution File, Format Version 12.00
# Visual Studio Version 17
VisualStudioVersion = 17.9.34728.123
MinimumVisualStudioVersion = 10.0.40219.1
Project("{54A90642-561A-4BB1-A94E-469ADEE60C69}") = "kamenridercardgame-client", "kamenridercardgame-client\kamenridercardgame-client.esproj", "{875394AD-C92B-46E7-98A4-E57E694968AD}"
EndProject
Project("{9A19103F-16F7-4668-BE54-9A1E7A4F7556}") = "SharedResource", "SharedResource\SharedResource.csproj", "{5CF3E097-2C1C-4500-B417-2FCF2DB83467}"
EndProject
Project("{9A19103F-16F7-4668-BE54-9A1E7A4F7556}") = "KamenRiderCardGame", "KamenRiderService\KamenRiderCardGame.csproj", "{8D1CEA78-1D45-4BF9-97E4-7A6F78153464}"
EndProject
Global
	GlobalSection(SolutionConfigurationPlatforms) = preSolution
		Debug|Any CPU = Debug|Any CPU
		Release|Any CPU = Release|Any CPU
	EndGlobalSection
	GlobalSection(ProjectConfigurationPlatforms) = postSolution
		{875394AD-C92B-46E7-98A4-E57E694968AD}.Debug|Any CPU.ActiveCfg = Debug|Any CPU
		{875394AD-C92B-46E7-98A4-E57E694968AD}.Debug|Any CPU.Build.0 = Debug|Any CPU
		{875394AD-C92B-46E7-98A4-E57E694968AD}.Debug|Any CPU.Deploy.0 = Debug|Any CPU
		{875394AD-C92B-46E7-98A4-E57E694968AD}.Release|Any CPU.ActiveCfg = Release|Any CPU
		{875394AD-C92B-46E7-98A4-E57E694968AD}.Release|Any CPU.Build.0 = Release|Any CPU
		{875394AD-C92B-46E7-98A4-E57E694968AD}.Release|Any CPU.Deploy.0 = Release|Any CPU
		{5CF3E097-2C1C-4500-B417-2FCF2DB83467}.Debug|Any CPU.ActiveCfg = Debug|Any CPU
		{5CF3E097-2C1C-4500-B417-2FCF2DB83467}.Debug|Any CPU.Build.0 = Debug|Any CPU
		{5CF3E097-2C1C-4500-B417-2FCF2DB83467}.Release|Any CPU.ActiveCfg = Release|Any CPU
		{5CF3E097-2C1C-4500-B417-2FCF2DB83467}.Release|Any CPU.Build.0 = Release|Any CPU
		{8D1CEA78-1D45-4BF9-97E4-7A6F78153464}.Debug|Any CPU.ActiveCfg = Debug|Any CPU
		{8D1CEA78-1D45-4BF9-97E4-7A6F78153464}.Debug|Any CPU.Build.0 = Debug|Any CPU
		{8D1CEA78-1D45-4BF9-97E4-7A6F78153464}.Release|Any CPU.ActiveCfg = Release|Any CPU
		{8D1CEA78-1D45-4BF9-97E4-7A6F78153464}.Release|Any CPU.Build.0 = Release|Any CPU
	EndGlobalSection
	GlobalSection(SolutionProperties) = preSolution
		HideSolutionNode = FALSE
	EndGlobalSection
	GlobalSection(ExtensibilityGlobals) = postSolution
		SolutionGuid = {AFF0437B-C0CC-4033-8065-6CF01DD9FDB9}
	EndGlobalSection
EndGlobal
